# This file is automatically @generated by Poetry and should not be changed by hand.

[[package]]
name = "attrs"
version = "22.2.0"
description = "Classes Without Boilerplate"
category = "main"
optional = false
python-versions = ">=3.6"
files = [
    {file = "attrs-22.2.0-py3-none-any.whl", hash = "sha256:29e95c7f6778868dbd49170f98f8818f78f3dc5e0e37c0b1f474e3561b240836"},
    {file = "attrs-22.2.0.tar.gz", hash = "sha256:c9227bfc2f01993c03f68db37d1d15c9690188323c067c641f1a35ca58185f99"},
]

[package.extras]
cov = ["attrs[tests]", "coverage-enable-subprocess", "coverage[toml] (>=5.3)"]
dev = ["attrs[docs,tests]"]
docs = ["furo", "myst-parser", "sphinx", "sphinx-notfound-page", "sphinxcontrib-towncrier", "towncrier", "zope.interface"]
tests = ["attrs[tests-no-zope]", "zope.interface"]
tests-no-zope = ["cloudpickle", "cloudpickle", "hypothesis", "hypothesis", "mypy (>=0.971,<0.990)", "mypy (>=0.971,<0.990)", "pympler", "pympler", "pytest (>=4.3.0)", "pytest (>=4.3.0)", "pytest-mypy-plugins", "pytest-mypy-plugins", "pytest-xdist[psutil]", "pytest-xdist[psutil]"]

[[package]]
name = "click"
version = "8.1.3"
description = "Composable command line interface toolkit"
category = "main"
optional = false
python-versions = ">=3.7"
files = [
    {file = "click-8.1.3-py3-none-any.whl", hash = "sha256:bb4d8133cb15a609f44e8213d9b391b0809795062913b383c62be0ee95b1db48"},
    {file = "click-8.1.3.tar.gz", hash = "sha256:7682dc8afb30297001674575ea00d1814d808d6a36af415a82bd481d37ba7b8e"},
]

[package.dependencies]
colorama = {version = "*", markers = "platform_system == \"Windows\""}

[[package]]
name = "colorama"
version = "0.4.6"
description = "Cross-platform colored terminal text."
category = "main"
optional = false
python-versions = "!=3.0.*,!=3.1.*,!=3.2.*,!=3.3.*,!=3.4.*,!=3.5.*,!=3.6.*,>=2.7"
files = [
    {file = "colorama-0.4.6-py2.py3-none-any.whl", hash = "sha256:4f1d9991f5acc0ca119f9d443620b77f9d6b33703e51011c16baf57afb285fc6"},
    {file = "colorama-0.4.6.tar.gz", hash = "sha256:08695f5cb7ed6e0531a20572697297273c47b8cae5a63ffc6d6ed5c201be6e44"},
]

[[package]]
name = "coloredlogs"
version = "15.0.1"
description = "Colored terminal output for Python's logging module"
category = "main"
optional = false
python-versions = ">=2.7, !=3.0.*, !=3.1.*, !=3.2.*, !=3.3.*, !=3.4.*"
files = [
    {file = "coloredlogs-15.0.1-py2.py3-none-any.whl", hash = "sha256:612ee75c546f53e92e70049c9dbfcc18c935a2b9a53b66085ce9ef6a6e5c0934"},
    {file = "coloredlogs-15.0.1.tar.gz", hash = "sha256:7c991aa71a4577af2f82600d8f8f3a89f936baeaf9b50a9c197da014e5bf16b0"},
]

[package.dependencies]
humanfriendly = ">=9.1"

[package.extras]
cron = ["capturer (>=2.4)"]

[[package]]
name = "exceptiongroup"
version = "1.1.0"
description = "Backport of PEP 654 (exception groups)"
category = "main"
optional = false
python-versions = ">=3.7"
files = [
    {file = "exceptiongroup-1.1.0-py3-none-any.whl", hash = "sha256:327cbda3da756e2de031a3107b81ab7b3770a602c4d16ca618298c526f4bec1e"},
    {file = "exceptiongroup-1.1.0.tar.gz", hash = "sha256:bcb67d800a4497e1b404c2dd44fca47d3b7a5e5433dbab67f96c1a685cdfdf23"},
]

[package.extras]
test = ["pytest (>=6)"]

[[package]]
name = "graphviz"
version = "0.20.1"
description = "Simple Python interface for Graphviz"
category = "main"
optional = false
python-versions = ">=3.7"
files = [
    {file = "graphviz-0.20.1-py3-none-any.whl", hash = "sha256:587c58a223b51611c0cf461132da386edd896a029524ca61a1462b880bf97977"},
    {file = "graphviz-0.20.1.zip", hash = "sha256:8c58f14adaa3b947daf26c19bc1e98c4e0702cdc31cf99153e6f06904d492bf8"},
]

[package.extras]
dev = ["flake8", "pep8-naming", "tox (>=3)", "twine", "wheel"]
docs = ["sphinx (>=5)", "sphinx-autodoc-typehints", "sphinx-rtd-theme"]
test = ["coverage", "mock (>=4)", "pytest (>=7)", "pytest-cov", "pytest-mock (>=3)"]

[[package]]
name = "heapdict"
version = "1.0.1"
description = "a heap with decrease-key and increase-key operations"
category = "main"
optional = false
python-versions = "*"
files = [
    {file = "HeapDict-1.0.1-py3-none-any.whl", hash = "sha256:6065f90933ab1bb7e50db403b90cab653c853690c5992e69294c2de2b253fc92"},
    {file = "HeapDict-1.0.1.tar.gz", hash = "sha256:8495f57b3e03d8e46d5f1b2cc62ca881aca392fd5cc048dc0aa2e1a6d23ecdb6"},
]

[[package]]
name = "humanfriendly"
version = "10.0"
description = "Human friendly output for text interfaces using Python"
category = "main"
optional = false
python-versions = ">=2.7, !=3.0.*, !=3.1.*, !=3.2.*, !=3.3.*, !=3.4.*"
files = [
    {file = "humanfriendly-10.0-py2.py3-none-any.whl", hash = "sha256:1697e1a8a8f550fd43c2865cd84542fc175a61dcb779b6fee18cf6b6ccba1477"},
    {file = "humanfriendly-10.0.tar.gz", hash = "sha256:6b0b831ce8f15f7300721aa49829fc4e83921a9a301cc7f606be6686a2288ddc"},
]

[package.dependencies]
pyreadline3 = {version = "*", markers = "sys_platform == \"win32\" and python_version >= \"3.8\""}

[[package]]
name = "igraph"
version = "0.10.2"
description = "High performance graph data structures and algorithms"
category = "main"
optional = false
python-versions = ">=3.7"
files = [
    {file = "igraph-0.10.2-cp37-cp37m-macosx_10_9_x86_64.whl", hash = "sha256:d81be4136bf3b6ecf3d6e5d766b213672a1f64e8284ba58ed273e8eff9ba1e19"},
    {file = "igraph-0.10.2-cp37-cp37m-manylinux_2_17_aarch64.manylinux2014_aarch64.whl", hash = "sha256:2b635762137ec810db0620cc6fa9ada5923cb6307f8dafb3290f59e72eabccb2"},
    {file = "igraph-0.10.2-cp37-cp37m-manylinux_2_17_i686.manylinux2014_i686.whl", hash = "sha256:944dad4e196782f48eda8c233b514aeec47fde32def8f34982fe316c8b64c09b"},
    {file = "igraph-0.10.2-cp37-cp37m-manylinux_2_17_x86_64.manylinux2014_x86_64.whl", hash = "sha256:85e9b0fa8a759e1977935f6a9544d94467042ad31f2580e051a15cfe4acb09f8"},
    {file = "igraph-0.10.2-cp37-cp37m-musllinux_1_1_aarch64.whl", hash = "sha256:8f1b6abcb5f5b19603fde45991413b625039b8d77f4bee109ac24e37fdafc476"},
    {file = "igraph-0.10.2-cp37-cp37m-musllinux_1_1_i686.whl", hash = "sha256:5ed75bc7a36fc0a4fb7dfa95c53d7c4c163e2a4a9edf1aa510875fc52d77f5de"},
    {file = "igraph-0.10.2-cp37-cp37m-musllinux_1_1_x86_64.whl", hash = "sha256:1b97938eeb9bbe5cca40b6fafceb182749e1ba30f4d20cff2f1150303924eff6"},
    {file = "igraph-0.10.2-cp37-cp37m-win32.whl", hash = "sha256:92db0fa2cb2ae04cedeca28a9725d1c5ca6feed1c68e1ddacb230b93dc398570"},
    {file = "igraph-0.10.2-cp37-cp37m-win_amd64.whl", hash = "sha256:0dd5e0a5ed235a38bcf406835f295fe7cafa372bbac23059928bc30a2877d99d"},
    {file = "igraph-0.10.2-cp38-cp38-macosx_10_9_x86_64.whl", hash = "sha256:33802df1c6d0ae75887da5d784e47c520ab1c3b2c051e3bd22005b4f344042f3"},
    {file = "igraph-0.10.2-cp38-cp38-macosx_11_0_arm64.whl", hash = "sha256:82cf51fdb9a2746c52bc604d908514e79c8f3621fdba319001bc1eb074afe542"},
    {file = "igraph-0.10.2-cp38-cp38-manylinux_2_17_aarch64.manylinux2014_aarch64.whl", hash = "sha256:38fcc3751015187d9568404d3a29fc71e75757a8e2a74055fabab89d65850a71"},
    {file = "igraph-0.10.2-cp38-cp38-manylinux_2_17_i686.manylinux2014_i686.whl", hash = "sha256:a2851c0dd32a875cf835c6971c26e5033ab5d6149a30d065bdbbcb89bd53864a"},
    {file = "igraph-0.10.2-cp38-cp38-manylinux_2_17_x86_64.manylinux2014_x86_64.whl", hash = "sha256:c8848956744abe1b740955f800f24a7983449abce5501bb012002a7c44994ab3"},
    {file = "igraph-0.10.2-cp38-cp38-musllinux_1_1_aarch64.whl", hash = "sha256:3f0dce0f9213c350dcdf1647596aedac3bb21c300675d02bae8ea6ec927dd173"},
    {file = "igraph-0.10.2-cp38-cp38-musllinux_1_1_i686.whl", hash = "sha256:7c75e0ec477167aa6adc534edc897785dd22dd6684498b40667b211a9882388e"},
    {file = "igraph-0.10.2-cp38-cp38-musllinux_1_1_x86_64.whl", hash = "sha256:475a4b239cbc61c60e44ad2c24f6798f5e4ad8901a94a0e1c6d9cc7c36f72fea"},
    {file = "igraph-0.10.2-cp38-cp38-win32.whl", hash = "sha256:ab364d4889bee5de79fdd770f5c71fd87d309810f12c22ed170109488cd3ad02"},
    {file = "igraph-0.10.2-cp38-cp38-win_amd64.whl", hash = "sha256:3b03e910ec44f98780dcf048a30cd1e3494d2b26a00bb6c08e08cf836f26d1ed"},
    {file = "igraph-0.10.2-cp39-abi3-macosx_10_9_x86_64.whl", hash = "sha256:8df67cf50624b7d1298ee929e6509589103380e22f8608e20e7b041e9751231c"},
    {file = "igraph-0.10.2-cp39-abi3-macosx_11_0_arm64.whl", hash = "sha256:74fe10adf9a11b7fbbc2c5b26b547c159a2bab0952d9cc8ac12046654cd0ee75"},
    {file = "igraph-0.10.2-cp39-abi3-manylinux_2_17_aarch64.manylinux2014_aarch64.whl", hash = "sha256:eb4fce55c06f50226f27e39acc6310580387c1029c6ff4eef0bc30c68603d1e4"},
    {file = "igraph-0.10.2-cp39-abi3-manylinux_2_17_i686.manylinux2014_i686.whl", hash = "sha256:de570e6532d9f82a364db04fdc826f0e67f0dd1c85eb6767976ed24832af55d4"},
    {file = "igraph-0.10.2-cp39-abi3-manylinux_2_17_x86_64.manylinux2014_x86_64.whl", hash = "sha256:95826915962f938e3e0a37c12f74f7e6e35dbb365ab03f5ab94e2f4d648c84d0"},
    {file = "igraph-0.10.2-cp39-abi3-musllinux_1_1_aarch64.whl", hash = "sha256:a8aef28df3576d2648d1205dfc1545f2052866194ddfc5672d4c98a5b0e5741b"},
    {file = "igraph-0.10.2-cp39-abi3-musllinux_1_1_i686.whl", hash = "sha256:32a1de4211e57f63b22d0593df82b9f20998614a50730a56efc36047046da35a"},
    {file = "igraph-0.10.2-cp39-abi3-musllinux_1_1_x86_64.whl", hash = "sha256:ed327ed3cf8837678018471f871397285a9e1e95bfba31fb87f7fed11237ea01"},
    {file = "igraph-0.10.2-cp39-abi3-win32.whl", hash = "sha256:aa534c5b1ef79fb9095ea923482d53d614ee157d07aa520449905ead89ff7b6f"},
    {file = "igraph-0.10.2-cp39-abi3-win_amd64.whl", hash = "sha256:fa1e3dd74530602428c971db74ab0755fd388c7760511a45a7e12da7be28719b"},
    {file = "igraph-0.10.2-pp37-pypy37_pp73-macosx_10_9_x86_64.whl", hash = "sha256:cbb895b9a339849067d1c1c1dc7221452feebd4d54fc3c06e6592e5673d73bd2"},
    {file = "igraph-0.10.2-pp37-pypy37_pp73-manylinux_2_17_aarch64.manylinux2014_aarch64.whl", hash = "sha256:09191e7c979da7e8fff53cd199ea6e023e2ae3d8917021fc7f993a0a8f1cffca"},
    {file = "igraph-0.10.2-pp37-pypy37_pp73-manylinux_2_17_i686.manylinux2014_i686.whl", hash = "sha256:7a7ebaa54d4981ea95b85e85704189a9a6e0a0eacba1fe6a619645d49f2d919d"},
    {file = "igraph-0.10.2-pp37-pypy37_pp73-manylinux_2_17_x86_64.manylinux2014_x86_64.whl", hash = "sha256:f3a663ec5c00db08eb777c7d3d6b9d129283c165d7f3c8ce78386152a8d0b10c"},
    {file = "igraph-0.10.2-pp37-pypy37_pp73-win_amd64.whl", hash = "sha256:345b40aefca1b2bd62cdcbd39b4734a367db1e21e5e69e92f4be0179f54bd1e4"},
    {file = "igraph-0.10.2-pp38-pypy38_pp73-macosx_10_9_x86_64.whl", hash = "sha256:fa304a541691f648431ce5d25376d044914d4342278fcf359bd0303d0f8376d5"},
    {file = "igraph-0.10.2-pp38-pypy38_pp73-manylinux_2_17_aarch64.manylinux2014_aarch64.whl", hash = "sha256:54c7268d9788006d8249fe281203bdfd50f0f3c0264f41b4769b241395155601"},
    {file = "igraph-0.10.2-pp38-pypy38_pp73-manylinux_2_17_i686.manylinux2014_i686.whl", hash = "sha256:1004d0e33b7b1c69deb4df2c1730c4d361b494289540fe357d93694f06925b60"},
    {file = "igraph-0.10.2-pp38-pypy38_pp73-manylinux_2_17_x86_64.manylinux2014_x86_64.whl", hash = "sha256:1523cabf71460c3e02524940fc6642b8782bfa228888057c20398919e3b88681"},
    {file = "igraph-0.10.2-pp38-pypy38_pp73-win_amd64.whl", hash = "sha256:27376837e4f66ea8829cf350eba217906a8be4f8ae8166ff243cf69ecad73726"},
    {file = "igraph-0.10.2-pp39-pypy39_pp73-macosx_10_9_x86_64.whl", hash = "sha256:2810bf2175fe6c16dd3dc7eef420a272baf89d88e0c16fcfe98fa80daf613825"},
    {file = "igraph-0.10.2-pp39-pypy39_pp73-manylinux_2_17_aarch64.manylinux2014_aarch64.whl", hash = "sha256:d1f9549595f2e0de1a89bf70f27d84c4c09e0b387dc01c30a726d3abba2928cc"},
    {file = "igraph-0.10.2-pp39-pypy39_pp73-manylinux_2_17_i686.manylinux2014_i686.whl", hash = "sha256:f271f7f30465eb5d83b24757da37d3a121f9adafe5deb9d40abfc9772f7b15e1"},
    {file = "igraph-0.10.2-pp39-pypy39_pp73-manylinux_2_17_x86_64.manylinux2014_x86_64.whl", hash = "sha256:9b04725a5c4b44c446dd76847fdf750f9d0e4ebc3ce76341f405f7bd811fc882"},
    {file = "igraph-0.10.2-pp39-pypy39_pp73-win_amd64.whl", hash = "sha256:2db9d4421e27ddc452271c04c1af22d47166f4e88c1f287787229f71900ecf0e"},
    {file = "igraph-0.10.2.tar.gz", hash = "sha256:215c53591b0bccd2082ef0e007e1919f25c040abb03014bdb4f20712173e33c2"},
]

[package.dependencies]
texttable = ">=1.6.2"

[package.extras]
cairo = ["cairocffi (>=1.2.0)"]
doc = ["Sphinx (>=4.2.0)", "sphinxbootstrap4theme (>=0.6.0)"]
matplotlib = ["matplotlib (>=3.5.0,<3.6.0)"]
plotly = ["plotly (>=5.3.0)"]
plotting = ["cairocffi (>=1.2.0)"]
test = ["Pillow (>=9)", "matplotlib (>=3.6.0)", "networkx (>=2.5)", "numpy (>=1.19.0)", "pandas (>=1.1.0)", "plotly (>=5.3.0)", "pytest (>=7.0.1)", "pytest-timeout (>=2.1.0)", "scipy (>=1.5.0)"]
test-musl = ["networkx (>=2.5)", "pytest (>=7.0.1)", "pytest-timeout (>=2.1.0)"]

[[package]]
name = "iniconfig"
version = "1.1.1"
description = "iniconfig: brain-dead simple config-ini parsing"
category = "main"
optional = false
python-versions = "*"
files = [
    {file = "iniconfig-1.1.1-py2.py3-none-any.whl", hash = "sha256:011e24c64b7f47f6ebd835bb12a743f2fbe9a26d4cecaa7f53bc4f35ee9da8b3"},
    {file = "iniconfig-1.1.1.tar.gz", hash = "sha256:bc3af051d7d14b2ee5ef9969666def0cd1a000e121eaea580d4a313df4b37f32"},
]

[[package]]
name = "jsonpickle"
version = "2.2.0"
description = "Python library for serializing any arbitrary object graph into JSON"
category = "main"
optional = false
python-versions = ">=2.7"
files = [
    {file = "jsonpickle-2.2.0-py2.py3-none-any.whl", hash = "sha256:de7f2613818aa4f234138ca11243d6359ff83ae528b2185efdd474f62bcf9ae1"},
    {file = "jsonpickle-2.2.0.tar.gz", hash = "sha256:7b272918b0554182e53dc340ddd62d9b7f902fec7e7b05620c04f3ccef479a0e"},
]

[package.extras]
docs = ["jaraco.packaging (>=3.2)", "rst.linker (>=1.9)", "sphinx"]
testing = ["ecdsa", "enum34", "feedparser", "jsonlib", "numpy", "pandas", "pymongo", "pytest (>=3.5,!=3.7.3)", "pytest-black-multipy", "pytest-checkdocs (>=1.2.3)", "pytest-cov", "pytest-flake8 (<1.1.0)", "pytest-flake8 (>=1.1.1)", "scikit-learn", "sqlalchemy"]
testing-libs = ["simplejson", "ujson", "yajl"]

[[package]]
name = "leidenalg"
version = "0.9.1"
description = "Leiden is a general algorithm for methods of community detection in large networks."
category = "main"
optional = false
python-versions = ">=3.7"
files = [
    {file = "leidenalg-0.9.1-cp310-cp310-macosx_10_9_x86_64.whl", hash = "sha256:0e156e5d505af9164ca854819e69331b869efbd34b9b3b6be86950e3e1efbdd0"},
    {file = "leidenalg-0.9.1-cp310-cp310-macosx_11_0_arm64.whl", hash = "sha256:887b17ead6f270a3f94b8d4b2f81066f77036133f53f1bb547cbd64cce07c015"},
    {file = "leidenalg-0.9.1-cp310-cp310-manylinux_2_17_i686.manylinux2014_i686.whl", hash = "sha256:bfc03a6053fdc5705d9a38360d3b4c7f6c21b69ed6af3d6e95f1f028a6299e97"},
    {file = "leidenalg-0.9.1-cp310-cp310-manylinux_2_17_x86_64.manylinux2014_x86_64.whl", hash = "sha256:9c66c0d53172b58d46b39df753144d5e9b663662aebb066d48816c774b5e77fa"},
    {file = "leidenalg-0.9.1-cp310-cp310-musllinux_1_1_i686.whl", hash = "sha256:d1fab585aaa3769ee7d42364ab7d52d757e50fc156166c87383ecfa2d59f1a27"},
    {file = "leidenalg-0.9.1-cp310-cp310-musllinux_1_1_x86_64.whl", hash = "sha256:f31e08f8249fc7147851006f2766537deab829da423ebbd7e6edf74ddcee0ab6"},
    {file = "leidenalg-0.9.1-cp310-cp310-win32.whl", hash = "sha256:726a65fe5ecff8cad6c926622893a3b902c14b56fad7bb11e6bb544fc8582247"},
    {file = "leidenalg-0.9.1-cp310-cp310-win_amd64.whl", hash = "sha256:ee8d3ffaa527c00d546fb8cea0119432a44d3b340d08b41887ad4444b2b537f8"},
    {file = "leidenalg-0.9.1-cp311-cp311-macosx_10_9_x86_64.whl", hash = "sha256:fdf19824ed967ba29de8b0ed0450deadf3df2c6a412a0deb53f6a3b0b7641fd1"},
    {file = "leidenalg-0.9.1-cp311-cp311-macosx_11_0_arm64.whl", hash = "sha256:241251abda73c35aaf5c678164588968c231b3ff1ef8ea209ca00dc96acb1855"},
    {file = "leidenalg-0.9.1-cp311-cp311-manylinux_2_17_i686.manylinux2014_i686.whl", hash = "sha256:d21186ed9cf09c52bafe8250921d83f96ab8f2e92e55d9dd44b030084669896f"},
    {file = "leidenalg-0.9.1-cp311-cp311-manylinux_2_17_x86_64.manylinux2014_x86_64.whl", hash = "sha256:8ee235d2756498ac55d5cd8eaf9e75f86a387950b6fcba4c5cd3970428732dcb"},
    {file = "leidenalg-0.9.1-cp311-cp311-musllinux_1_1_i686.whl", hash = "sha256:d5cbdb93d7e57998619a9688e9c07259343d0c7036e08c0c6058a3a125ab19bc"},
    {file = "leidenalg-0.9.1-cp311-cp311-musllinux_1_1_x86_64.whl", hash = "sha256:8ef1ca6fd0e14a6a093fbd2b8e22b7346c885c8edae7c25c5a7490febaf501a1"},
    {file = "leidenalg-0.9.1-cp311-cp311-win32.whl", hash = "sha256:497f77c1b58dc3ff2a017c8123a9e4001301cba43179fdf48f97a9b6dc5eb155"},
    {file = "leidenalg-0.9.1-cp311-cp311-win_amd64.whl", hash = "sha256:6b865ea877f9bae998201c058eb43ea764405e8e81da74e6550d17f9de3cc9d3"},
    {file = "leidenalg-0.9.1-cp37-cp37m-macosx_10_9_x86_64.whl", hash = "sha256:5edc7dc49983a452d67c8d81f71640ccf8f55037bf407b408b08d330646d6006"},
    {file = "leidenalg-0.9.1-cp37-cp37m-manylinux_2_17_i686.manylinux2014_i686.whl", hash = "sha256:22771a47bd17049c070a5fcca43452e120d705c6c59c62118f2bb39e79f5649c"},
    {file = "leidenalg-0.9.1-cp37-cp37m-manylinux_2_17_x86_64.manylinux2014_x86_64.whl", hash = "sha256:18f5e8038b919b681e3696c5079450df58f27f847a0672829bf52fade7a73429"},
    {file = "leidenalg-0.9.1-cp37-cp37m-musllinux_1_1_i686.whl", hash = "sha256:4ebd212194fdc286d1c196ccf916edb1643cd456e1027d0ac84f34281ba78643"},
    {file = "leidenalg-0.9.1-cp37-cp37m-musllinux_1_1_x86_64.whl", hash = "sha256:28d6610d9e81453ae13a71077f0a71ad32afc1cbfdbd3415db60bb12210acb6c"},
    {file = "leidenalg-0.9.1-cp37-cp37m-win32.whl", hash = "sha256:387d79284f1804c5dd54e6735549f5cf1b617d80090a3ac02119f6c8120e0858"},
    {file = "leidenalg-0.9.1-cp37-cp37m-win_amd64.whl", hash = "sha256:d8683d56d9cb780ab05f49d49eb32af74e67414837fbeb5f8ac1b0e91bb9424a"},
    {file = "leidenalg-0.9.1-cp38-cp38-macosx_10_9_x86_64.whl", hash = "sha256:3653abc9cc74ead7ec29a710bd8ca737867ee71fdc98cb108c396011727b2339"},
    {file = "leidenalg-0.9.1-cp38-cp38-macosx_11_0_arm64.whl", hash = "sha256:16e7be487b359640f2a24bb83a222b3186ca84d7665e506957ee4a6e0ca619a6"},
    {file = "leidenalg-0.9.1-cp38-cp38-manylinux_2_17_i686.manylinux2014_i686.whl", hash = "sha256:d78061038a3e6b0d6508de3f2dabd3c1d77b00ab04c86b68a0a499b229288eff"},
    {file = "leidenalg-0.9.1-cp38-cp38-manylinux_2_17_x86_64.manylinux2014_x86_64.whl", hash = "sha256:36a208752583b1baad2403ddf69454c18aebb7a8dcfdedaa7216a35edbf5cd70"},
    {file = "leidenalg-0.9.1-cp38-cp38-musllinux_1_1_i686.whl", hash = "sha256:5daad6061947b474726f01aae1a8b6f30c310488c5d0cd704b6e2e8d07f669bb"},
    {file = "leidenalg-0.9.1-cp38-cp38-musllinux_1_1_x86_64.whl", hash = "sha256:8cd26aa6d907d4615cb7b5e0d46035c5f3b56f3a6ce1ba4ae212db0601fc95ac"},
    {file = "leidenalg-0.9.1-cp38-cp38-win32.whl", hash = "sha256:1786c51cd5a662b9ccd6d43df4b9740377c29fb56325597d8d0e33b82d47cd71"},
    {file = "leidenalg-0.9.1-cp38-cp38-win_amd64.whl", hash = "sha256:c4da689ae3d2ddb5bcde2c7e205a8892d8e08a11b6287362e51d64cf599f2161"},
    {file = "leidenalg-0.9.1-cp39-cp39-macosx_10_9_x86_64.whl", hash = "sha256:80719d68ad279edc2ce2177680d4f228cad263be34f4572cc48c647a7651f191"},
    {file = "leidenalg-0.9.1-cp39-cp39-macosx_11_0_arm64.whl", hash = "sha256:683ccb6b1fb6abf6b41b295cbddad0837973378b1add9aab8241f9da3741b735"},
    {file = "leidenalg-0.9.1-cp39-cp39-manylinux_2_17_i686.manylinux2014_i686.whl", hash = "sha256:ee18061fdc555940ea9b3cd7b7b9d37d5e6c10c864187b952b5918c1b69aa678"},
    {file = "leidenalg-0.9.1-cp39-cp39-manylinux_2_17_x86_64.manylinux2014_x86_64.whl", hash = "sha256:e02e38c29275f876999e9db062c7e6b7b176eb58b1666fccdbfc95ab6916736c"},
    {file = "leidenalg-0.9.1-cp39-cp39-musllinux_1_1_i686.whl", hash = "sha256:4648ce7e0d964195ce27524be254313ed84999b1f22638bc82081e1509511da9"},
    {file = "leidenalg-0.9.1-cp39-cp39-musllinux_1_1_x86_64.whl", hash = "sha256:23b0f6d8117c9507c6f3cd1a712808f737a749dae39a26ef4f3bcafcc35cfa53"},
    {file = "leidenalg-0.9.1-cp39-cp39-win32.whl", hash = "sha256:fe2cec1a7f16c5c9650a87459cf882239de324edcbe3865fc9df5e48b3b5dfd9"},
    {file = "leidenalg-0.9.1-cp39-cp39-win_amd64.whl", hash = "sha256:1325a8a5bb9e664e2d5e8d0c4d77294734518799874be685c72ac981e920db65"},
    {file = "leidenalg-0.9.1-pp37-pypy37_pp73-macosx_10_9_x86_64.whl", hash = "sha256:1b1b3d09a429a557b5c0e661251ac877f6e409a0276cde9ff8c4a0fa438054ee"},
    {file = "leidenalg-0.9.1-pp37-pypy37_pp73-manylinux_2_17_i686.manylinux2014_i686.whl", hash = "sha256:adc26c986cedfb3174b6a90d9435d75cdd013a1fa147b5ac2a071c8c68bb91cf"},
    {file = "leidenalg-0.9.1-pp37-pypy37_pp73-manylinux_2_17_x86_64.manylinux2014_x86_64.whl", hash = "sha256:3914654677510213231fd2092f51778faa84dd74814626158dfa5bceaf8b4952"},
    {file = "leidenalg-0.9.1-pp37-pypy37_pp73-win_amd64.whl", hash = "sha256:ba97bdfda32ed661042f235cbfd251411f5ea3a36cda109b8e47a543ba44bb1a"},
    {file = "leidenalg-0.9.1-pp38-pypy38_pp73-macosx_10_9_x86_64.whl", hash = "sha256:54b4a68ccd412c3d37f231a6931b9619cbd6e63247535879ec6c0834fc19b7d9"},
    {file = "leidenalg-0.9.1-pp38-pypy38_pp73-manylinux_2_17_i686.manylinux2014_i686.whl", hash = "sha256:68964376c7faaf4e2693c17f5f40f610dbb17e9f177444d652e5e602df18a96a"},
    {file = "leidenalg-0.9.1-pp38-pypy38_pp73-manylinux_2_17_x86_64.manylinux2014_x86_64.whl", hash = "sha256:706f74dc2977e527eb809ead1a62b15d438a95fd615c0eebb185efa97ea1f9fb"},
    {file = "leidenalg-0.9.1-pp38-pypy38_pp73-win_amd64.whl", hash = "sha256:4e624bf5144daddc879c425542ce78fa9d04489bf321964a4de943b0ff8287ff"},
    {file = "leidenalg-0.9.1-pp39-pypy39_pp73-macosx_10_9_x86_64.whl", hash = "sha256:118778b83e0ab5441b252467544d9ac70385f63cf9b1af4e776e1e9aaa4b9c45"},
    {file = "leidenalg-0.9.1-pp39-pypy39_pp73-manylinux_2_17_i686.manylinux2014_i686.whl", hash = "sha256:229c1450688118bce2a16dd696ae1cccd9c68e55542393a3a1bcd377c14d126c"},
    {file = "leidenalg-0.9.1-pp39-pypy39_pp73-manylinux_2_17_x86_64.manylinux2014_x86_64.whl", hash = "sha256:d512592af7143e301f5d960d13d864948c86fe15bc90b21c63e73ba69ac848cd"},
    {file = "leidenalg-0.9.1-pp39-pypy39_pp73-win_amd64.whl", hash = "sha256:d61256c3cb4ad08e54ed4d5d98a9d8badeefcf86fb4f69dff703ecc0af9c4d38"},
    {file = "leidenalg-0.9.1.tar.gz", hash = "sha256:7e5cfe3b6f80f32b90f55f35c68d4a990b0489b1282cf3fabac8cda4988975f3"},
]

[package.dependencies]
igraph = ">=0.10.0,<0.11"

[[package]]
name = "mypy"
version = "0.982"
description = "Optional static typing for Python"
category = "dev"
optional = false
python-versions = ">=3.7"
files = [
    {file = "mypy-0.982-cp310-cp310-macosx_10_9_universal2.whl", hash = "sha256:5085e6f442003fa915aeb0a46d4da58128da69325d8213b4b35cc7054090aed5"},
    {file = "mypy-0.982-cp310-cp310-macosx_10_9_x86_64.whl", hash = "sha256:41fd1cf9bc0e1c19b9af13a6580ccb66c381a5ee2cf63ee5ebab747a4badeba3"},
    {file = "mypy-0.982-cp310-cp310-macosx_11_0_arm64.whl", hash = "sha256:f793e3dd95e166b66d50e7b63e69e58e88643d80a3dcc3bcd81368e0478b089c"},
    {file = "mypy-0.982-cp310-cp310-manylinux_2_17_x86_64.manylinux2014_x86_64.whl", hash = "sha256:86ebe67adf4d021b28c3f547da6aa2cce660b57f0432617af2cca932d4d378a6"},
    {file = "mypy-0.982-cp310-cp310-musllinux_1_1_x86_64.whl", hash = "sha256:175f292f649a3af7082fe36620369ffc4661a71005aa9f8297ea473df5772046"},
    {file = "mypy-0.982-cp310-cp310-win_amd64.whl", hash = "sha256:8ee8c2472e96beb1045e9081de8e92f295b89ac10c4109afdf3a23ad6e644f3e"},
    {file = "mypy-0.982-cp37-cp37m-macosx_10_9_x86_64.whl", hash = "sha256:58f27ebafe726a8e5ccb58d896451dd9a662a511a3188ff6a8a6a919142ecc20"},
    {file = "mypy-0.982-cp37-cp37m-manylinux_2_17_x86_64.manylinux2014_x86_64.whl", hash = "sha256:d6af646bd46f10d53834a8e8983e130e47d8ab2d4b7a97363e35b24e1d588947"},
    {file = "mypy-0.982-cp37-cp37m-musllinux_1_1_x86_64.whl", hash = "sha256:e7aeaa763c7ab86d5b66ff27f68493d672e44c8099af636d433a7f3fa5596d40"},
    {file = "mypy-0.982-cp37-cp37m-win_amd64.whl", hash = "sha256:724d36be56444f569c20a629d1d4ee0cb0ad666078d59bb84f8f887952511ca1"},
    {file = "mypy-0.982-cp38-cp38-macosx_10_9_universal2.whl", hash = "sha256:14d53cdd4cf93765aa747a7399f0961a365bcddf7855d9cef6306fa41de01c24"},
    {file = "mypy-0.982-cp38-cp38-macosx_10_9_x86_64.whl", hash = "sha256:26ae64555d480ad4b32a267d10cab7aec92ff44de35a7cd95b2b7cb8e64ebe3e"},
    {file = "mypy-0.982-cp38-cp38-macosx_11_0_arm64.whl", hash = "sha256:6389af3e204975d6658de4fb8ac16f58c14e1bacc6142fee86d1b5b26aa52bda"},
    {file = "mypy-0.982-cp38-cp38-manylinux_2_17_x86_64.manylinux2014_x86_64.whl", hash = "sha256:7b35ce03a289480d6544aac85fa3674f493f323d80ea7226410ed065cd46f206"},
    {file = "mypy-0.982-cp38-cp38-musllinux_1_1_x86_64.whl", hash = "sha256:c6e564f035d25c99fd2b863e13049744d96bd1947e3d3d2f16f5828864506763"},
    {file = "mypy-0.982-cp38-cp38-win_amd64.whl", hash = "sha256:cebca7fd333f90b61b3ef7f217ff75ce2e287482206ef4a8b18f32b49927b1a2"},
    {file = "mypy-0.982-cp39-cp39-macosx_10_9_universal2.whl", hash = "sha256:a705a93670c8b74769496280d2fe6cd59961506c64f329bb179970ff1d24f9f8"},
    {file = "mypy-0.982-cp39-cp39-macosx_10_9_x86_64.whl", hash = "sha256:75838c649290d83a2b83a88288c1eb60fe7a05b36d46cbea9d22efc790002146"},
    {file = "mypy-0.982-cp39-cp39-macosx_11_0_arm64.whl", hash = "sha256:91781eff1f3f2607519c8b0e8518aad8498af1419e8442d5d0afb108059881fc"},
    {file = "mypy-0.982-cp39-cp39-manylinux_2_17_x86_64.manylinux2014_x86_64.whl", hash = "sha256:eaa97b9ddd1dd9901a22a879491dbb951b5dec75c3b90032e2baa7336777363b"},
    {file = "mypy-0.982-cp39-cp39-musllinux_1_1_x86_64.whl", hash = "sha256:a692a8e7d07abe5f4b2dd32d731812a0175626a90a223d4b58f10f458747dd8a"},
    {file = "mypy-0.982-cp39-cp39-win_amd64.whl", hash = "sha256:eb7a068e503be3543c4bd329c994103874fa543c1727ba5288393c21d912d795"},
    {file = "mypy-0.982-py3-none-any.whl", hash = "sha256:1021c241e8b6e1ca5a47e4d52601274ac078a89845cfde66c6d5f769819ffa1d"},
    {file = "mypy-0.982.tar.gz", hash = "sha256:85f7a343542dc8b1ed0a888cdd34dca56462654ef23aa673907305b260b3d746"},
]

[package.dependencies]
mypy-extensions = ">=0.4.3"
tomli = {version = ">=1.1.0", markers = "python_version < \"3.11\""}
typing-extensions = ">=3.10"

[package.extras]
dmypy = ["psutil (>=4.0)"]
python2 = ["typed-ast (>=1.4.0,<2)"]
reports = ["lxml"]

[[package]]
name = "mypy-extensions"
version = "0.4.3"
description = "Experimental type system extensions for programs checked with the mypy typechecker."
category = "dev"
optional = false
python-versions = "*"
files = [
    {file = "mypy_extensions-0.4.3-py2.py3-none-any.whl", hash = "sha256:090fedd75945a69ae91ce1303b5824f428daf5a028d2f6ab8a299250a846f15d"},
    {file = "mypy_extensions-0.4.3.tar.gz", hash = "sha256:2d82818f5bb3e369420cb3c4060a7970edba416647068eb4c5343488a6c604a8"},
]

[[package]]
name = "networkit"
version = "10.0"
description = "NetworKit is a toolbox for high-performance network analysis"
category = "main"
optional = false
python-versions = "*"
files = [
    {file = "networkit-10.0-cp310-cp310-macosx_10_9_x86_64.whl", hash = "sha256:a1edee63449d7a23150aa042d252fbc167293be0f9598d3b24fad624a65fa7e5"},
    {file = "networkit-10.0-cp310-cp310-macosx_12_0_arm64.whl", hash = "sha256:ad96951452b02b37348125e70eafce1bf75b1c2aca81b66141f5cad89937fedc"},
    {file = "networkit-10.0-cp310-cp310-manylinux_2_12_x86_64.manylinux2010_x86_64.whl", hash = "sha256:f58db231ed06bad6264036cac4405ebe8d4d6890480bb23f2a36399799f0ae94"},
    {file = "networkit-10.0-cp310-cp310-manylinux_2_17_aarch64.manylinux2014_aarch64.whl", hash = "sha256:0a6e96ffcc84b10f079d41e4394349df2e26d7b0fd15a3579aafc96e5e69e088"},
    {file = "networkit-10.0-cp310-cp310-win_amd64.whl", hash = "sha256:52961ec7456f17b71235b867880b64613cac3379c200a0b82ae60a29c0b43188"},
    {file = "networkit-10.0-cp37-cp37m-macosx_10_9_x86_64.whl", hash = "sha256:d861c44595aa59556a387307ed9a309da89e8c60ac8c3d9304ffbad7afbeeac8"},
    {file = "networkit-10.0-cp37-cp37m-manylinux_2_12_x86_64.manylinux2010_x86_64.whl", hash = "sha256:d2c54fbd6bed7c10cb77bb5520db4f8e50c28763c27c66a905c6b858eb9e7400"},
    {file = "networkit-10.0-cp38-cp38-macosx_10_9_x86_64.whl", hash = "sha256:1ab8f51c99eccd9b1b32d78000204187b3d04325f6d78653fc91aaf56070643b"},
    {file = "networkit-10.0-cp38-cp38-manylinux_2_12_x86_64.manylinux2010_x86_64.whl", hash = "sha256:06250e34f4d85e11c09366764b5efe13f1329feb5557a2ade80dd1be3dfc8aac"},
    {file = "networkit-10.0-cp38-cp38-win_amd64.whl", hash = "sha256:5100d3e53623a340b97cff348b6c34571030ab799ddb47de656586320c3ea5a2"},
    {file = "networkit-10.0-cp39-cp39-macosx_10_9_x86_64.whl", hash = "sha256:1ac1f2b1406416fc7f55b5b6defceb893ae74355c1171d38664446191d3334d3"},
    {file = "networkit-10.0-cp39-cp39-macosx_12_0_arm64.whl", hash = "sha256:f1cab5c1f511597d88246c2ddd03eff1866607aa7776f47ea02a2fc502ae0a21"},
    {file = "networkit-10.0-cp39-cp39-manylinux_2_12_x86_64.manylinux2010_x86_64.whl", hash = "sha256:797f8122afeeb164f93ec0428df897d5dc84273eb4cd67b828fabf53a6fec5e2"},
    {file = "networkit-10.0-cp39-cp39-win_amd64.whl", hash = "sha256:ae398bd9bc1dffa07a230a82c1e5cb03b865896d4a277c52ceabcab283ad6753"},
    {file = "networkit-10.0.tar.gz", hash = "sha256:6fe69db1178b69305c40836953b6f7731574e211cea53ced52bbc45b9fff2a1d"},
]

[package.dependencies]
numpy = "*"
scipy = "*"

[[package]]
name = "numpy"
version = "1.24.1"
description = "Fundamental package for array computing in Python"
category = "main"
optional = false
python-versions = ">=3.8"
files = [
    {file = "numpy-1.24.1-cp310-cp310-macosx_10_9_x86_64.whl", hash = "sha256:179a7ef0889ab769cc03573b6217f54c8bd8e16cef80aad369e1e8185f994cd7"},
    {file = "numpy-1.24.1-cp310-cp310-macosx_11_0_arm64.whl", hash = "sha256:b09804ff570b907da323b3d762e74432fb07955701b17b08ff1b5ebaa8cfe6a9"},
    {file = "numpy-1.24.1-cp310-cp310-manylinux_2_17_aarch64.manylinux2014_aarch64.whl", hash = "sha256:f1b739841821968798947d3afcefd386fa56da0caf97722a5de53e07c4ccedc7"},
    {file = "numpy-1.24.1-cp310-cp310-manylinux_2_17_x86_64.manylinux2014_x86_64.whl", hash = "sha256:0e3463e6ac25313462e04aea3fb8a0a30fb906d5d300f58b3bc2c23da6a15398"},
    {file = "numpy-1.24.1-cp310-cp310-win32.whl", hash = "sha256:b31da69ed0c18be8b77bfce48d234e55d040793cebb25398e2a7d84199fbc7e2"},
    {file = "numpy-1.24.1-cp310-cp310-win_amd64.whl", hash = "sha256:b07b40f5fb4fa034120a5796288f24c1fe0e0580bbfff99897ba6267af42def2"},
    {file = "numpy-1.24.1-cp311-cp311-macosx_10_9_x86_64.whl", hash = "sha256:7094891dcf79ccc6bc2a1f30428fa5edb1e6fb955411ffff3401fb4ea93780a8"},
    {file = "numpy-1.24.1-cp311-cp311-macosx_11_0_arm64.whl", hash = "sha256:28e418681372520c992805bb723e29d69d6b7aa411065f48216d8329d02ba032"},
    {file = "numpy-1.24.1-cp311-cp311-manylinux_2_17_aarch64.manylinux2014_aarch64.whl", hash = "sha256:e274f0f6c7efd0d577744f52032fdd24344f11c5ae668fe8d01aac0422611df1"},
    {file = "numpy-1.24.1-cp311-cp311-manylinux_2_17_x86_64.manylinux2014_x86_64.whl", hash = "sha256:0044f7d944ee882400890f9ae955220d29b33d809a038923d88e4e01d652acd9"},
    {file = "numpy-1.24.1-cp311-cp311-win32.whl", hash = "sha256:442feb5e5bada8408e8fcd43f3360b78683ff12a4444670a7d9e9824c1817d36"},
    {file = "numpy-1.24.1-cp311-cp311-win_amd64.whl", hash = "sha256:de92efa737875329b052982e37bd4371d52cabf469f83e7b8be9bb7752d67e51"},
    {file = "numpy-1.24.1-cp38-cp38-macosx_10_9_x86_64.whl", hash = "sha256:b162ac10ca38850510caf8ea33f89edcb7b0bb0dfa5592d59909419986b72407"},
    {file = "numpy-1.24.1-cp38-cp38-macosx_11_0_arm64.whl", hash = "sha256:26089487086f2648944f17adaa1a97ca6aee57f513ba5f1c0b7ebdabbe2b9954"},
    {file = "numpy-1.24.1-cp38-cp38-manylinux_2_17_aarch64.manylinux2014_aarch64.whl", hash = "sha256:caf65a396c0d1f9809596be2e444e3bd4190d86d5c1ce21f5fc4be60a3bc5b36"},
    {file = "numpy-1.24.1-cp38-cp38-manylinux_2_17_x86_64.manylinux2014_x86_64.whl", hash = "sha256:b0677a52f5d896e84414761531947c7a330d1adc07c3a4372262f25d84af7bf7"},
    {file = "numpy-1.24.1-cp38-cp38-win32.whl", hash = "sha256:dae46bed2cb79a58d6496ff6d8da1e3b95ba09afeca2e277628171ca99b99db1"},
    {file = "numpy-1.24.1-cp38-cp38-win_amd64.whl", hash = "sha256:6ec0c021cd9fe732e5bab6401adea5a409214ca5592cd92a114f7067febcba0c"},
    {file = "numpy-1.24.1-cp39-cp39-macosx_10_9_x86_64.whl", hash = "sha256:28bc9750ae1f75264ee0f10561709b1462d450a4808cd97c013046073ae64ab6"},
    {file = "numpy-1.24.1-cp39-cp39-macosx_11_0_arm64.whl", hash = "sha256:84e789a085aabef2f36c0515f45e459f02f570c4b4c4c108ac1179c34d475ed7"},
    {file = "numpy-1.24.1-cp39-cp39-manylinux_2_17_aarch64.manylinux2014_aarch64.whl", hash = "sha256:8e669fbdcdd1e945691079c2cae335f3e3a56554e06bbd45d7609a6cf568c700"},
    {file = "numpy-1.24.1-cp39-cp39-manylinux_2_17_x86_64.manylinux2014_x86_64.whl", hash = "sha256:ef85cf1f693c88c1fd229ccd1055570cb41cdf4875873b7728b6301f12cd05bf"},
    {file = "numpy-1.24.1-cp39-cp39-win32.whl", hash = "sha256:87a118968fba001b248aac90e502c0b13606721b1343cdaddbc6e552e8dfb56f"},
    {file = "numpy-1.24.1-cp39-cp39-win_amd64.whl", hash = "sha256:ddc7ab52b322eb1e40521eb422c4e0a20716c271a306860979d450decbb51b8e"},
    {file = "numpy-1.24.1-pp38-pypy38_pp73-macosx_10_9_x86_64.whl", hash = "sha256:ed5fb71d79e771ec930566fae9c02626b939e37271ec285e9efaf1b5d4370e7d"},
    {file = "numpy-1.24.1-pp38-pypy38_pp73-manylinux_2_17_x86_64.manylinux2014_x86_64.whl", hash = "sha256:ad2925567f43643f51255220424c23d204024ed428afc5aad0f86f3ffc080086"},
    {file = "numpy-1.24.1-pp38-pypy38_pp73-win_amd64.whl", hash = "sha256:cfa1161c6ac8f92dea03d625c2d0c05e084668f4a06568b77a25a89111621566"},
    {file = "numpy-1.24.1.tar.gz", hash = "sha256:2386da9a471cc00a1f47845e27d916d5ec5346ae9696e01a8a34760858fe9dd2"},
]

[[package]]
name = "packaging"
version = "22.0"
description = "Core utilities for Python packages"
category = "main"
optional = false
python-versions = ">=3.7"
files = [
    {file = "packaging-22.0-py3-none-any.whl", hash = "sha256:957e2148ba0e1a3b282772e791ef1d8083648bc131c8ab0c1feba110ce1146c3"},
    {file = "packaging-22.0.tar.gz", hash = "sha256:2198ec20bd4c017b8f9717e00f0c8714076fc2fd93816750ab48e2c41de2cfd3"},
]

[[package]]
name = "pandas"
version = "1.5.2"
description = "Powerful data structures for data analysis, time series, and statistics"
category = "main"
optional = false
python-versions = ">=3.8"
files = [
    {file = "pandas-1.5.2-cp310-cp310-macosx_10_9_universal2.whl", hash = "sha256:e9dbacd22555c2d47f262ef96bb4e30880e5956169741400af8b306bbb24a273"},
    {file = "pandas-1.5.2-cp310-cp310-macosx_10_9_x86_64.whl", hash = "sha256:e2b83abd292194f350bb04e188f9379d36b8dfac24dd445d5c87575f3beaf789"},
    {file = "pandas-1.5.2-cp310-cp310-macosx_11_0_arm64.whl", hash = "sha256:2552bffc808641c6eb471e55aa6899fa002ac94e4eebfa9ec058649122db5824"},
    {file = "pandas-1.5.2-cp310-cp310-manylinux_2_17_aarch64.manylinux2014_aarch64.whl", hash = "sha256:1fc87eac0541a7d24648a001d553406f4256e744d92df1df8ebe41829a915028"},
    {file = "pandas-1.5.2-cp310-cp310-manylinux_2_17_x86_64.manylinux2014_x86_64.whl", hash = "sha256:d0d8fd58df5d17ddb8c72a5075d87cd80d71b542571b5f78178fb067fa4e9c72"},
    {file = "pandas-1.5.2-cp310-cp310-win_amd64.whl", hash = "sha256:4aed257c7484d01c9a194d9a94758b37d3d751849c05a0050c087a358c41ad1f"},
    {file = "pandas-1.5.2-cp311-cp311-macosx_10_9_universal2.whl", hash = "sha256:375262829c8c700c3e7cbb336810b94367b9c4889818bbd910d0ecb4e45dc261"},
    {file = "pandas-1.5.2-cp311-cp311-macosx_10_9_x86_64.whl", hash = "sha256:cc3cd122bea268998b79adebbb8343b735a5511ec14efb70a39e7acbc11ccbdc"},
    {file = "pandas-1.5.2-cp311-cp311-macosx_11_0_arm64.whl", hash = "sha256:b4f5a82afa4f1ff482ab8ded2ae8a453a2cdfde2001567b3ca24a4c5c5ca0db3"},
    {file = "pandas-1.5.2-cp311-cp311-manylinux_2_17_aarch64.manylinux2014_aarch64.whl", hash = "sha256:8092a368d3eb7116e270525329a3e5c15ae796ccdf7ccb17839a73b4f5084a39"},
    {file = "pandas-1.5.2-cp311-cp311-manylinux_2_17_x86_64.manylinux2014_x86_64.whl", hash = "sha256:f6257b314fc14958f8122779e5a1557517b0f8e500cfb2bd53fa1f75a8ad0af2"},
    {file = "pandas-1.5.2-cp311-cp311-win_amd64.whl", hash = "sha256:82ae615826da838a8e5d4d630eb70c993ab8636f0eff13cb28aafc4291b632b5"},
    {file = "pandas-1.5.2-cp38-cp38-macosx_10_9_universal2.whl", hash = "sha256:457d8c3d42314ff47cc2d6c54f8fc0d23954b47977b2caed09cd9635cb75388b"},
    {file = "pandas-1.5.2-cp38-cp38-macosx_10_9_x86_64.whl", hash = "sha256:c009a92e81ce836212ce7aa98b219db7961a8b95999b97af566b8dc8c33e9519"},
    {file = "pandas-1.5.2-cp38-cp38-macosx_11_0_arm64.whl", hash = "sha256:71f510b0efe1629bf2f7c0eadb1ff0b9cf611e87b73cd017e6b7d6adb40e2b3a"},
    {file = "pandas-1.5.2-cp38-cp38-manylinux_2_17_aarch64.manylinux2014_aarch64.whl", hash = "sha256:a40dd1e9f22e01e66ed534d6a965eb99546b41d4d52dbdb66565608fde48203f"},
    {file = "pandas-1.5.2-cp38-cp38-manylinux_2_17_x86_64.manylinux2014_x86_64.whl", hash = "sha256:5ae7e989f12628f41e804847a8cc2943d362440132919a69429d4dea1f164da0"},
    {file = "pandas-1.5.2-cp38-cp38-win32.whl", hash = "sha256:530948945e7b6c95e6fa7aa4be2be25764af53fba93fe76d912e35d1c9ee46f5"},
    {file = "pandas-1.5.2-cp38-cp38-win_amd64.whl", hash = "sha256:73f219fdc1777cf3c45fde7f0708732ec6950dfc598afc50588d0d285fddaefc"},
    {file = "pandas-1.5.2-cp39-cp39-macosx_10_9_universal2.whl", hash = "sha256:9608000a5a45f663be6af5c70c3cbe634fa19243e720eb380c0d378666bc7702"},
    {file = "pandas-1.5.2-cp39-cp39-macosx_10_9_x86_64.whl", hash = "sha256:315e19a3e5c2ab47a67467fc0362cb36c7c60a93b6457f675d7d9615edad2ebe"},
    {file = "pandas-1.5.2-cp39-cp39-macosx_11_0_arm64.whl", hash = "sha256:e18bc3764cbb5e118be139b3b611bc3fbc5d3be42a7e827d1096f46087b395eb"},
    {file = "pandas-1.5.2-cp39-cp39-manylinux_2_17_aarch64.manylinux2014_aarch64.whl", hash = "sha256:0183cb04a057cc38fde5244909fca9826d5d57c4a5b7390c0cc3fa7acd9fa883"},
    {file = "pandas-1.5.2-cp39-cp39-manylinux_2_17_x86_64.manylinux2014_x86_64.whl", hash = "sha256:344021ed3e639e017b452aa8f5f6bf38a8806f5852e217a7594417fb9bbfa00e"},
    {file = "pandas-1.5.2-cp39-cp39-win32.whl", hash = "sha256:e7469271497960b6a781eaa930cba8af400dd59b62ec9ca2f4d31a19f2f91090"},
    {file = "pandas-1.5.2-cp39-cp39-win_amd64.whl", hash = "sha256:c218796d59d5abd8780170c937b812c9637e84c32f8271bbf9845970f8c1351f"},
    {file = "pandas-1.5.2.tar.gz", hash = "sha256:220b98d15cee0b2cd839a6358bd1f273d0356bf964c1a1aeb32d47db0215488b"},
]

[package.dependencies]
numpy = [
    {version = ">=1.20.3", markers = "python_version < \"3.10\""},
    {version = ">=1.21.0", markers = "python_version >= \"3.10\""},
    {version = ">=1.23.2", markers = "python_version >= \"3.11\""},
]
python-dateutil = ">=2.8.1"
pytz = ">=2020.1"

[package.extras]
test = ["hypothesis (>=5.5.3)", "pytest (>=6.0)", "pytest-xdist (>=1.31)"]

[[package]]
name = "pluggy"
version = "1.0.0"
description = "plugin and hook calling mechanisms for python"
category = "main"
optional = false
python-versions = ">=3.6"
files = [
    {file = "pluggy-1.0.0-py2.py3-none-any.whl", hash = "sha256:74134bbf457f031a36d68416e1509f34bd5ccc019f0bcc952c7b909d06b37bd3"},
    {file = "pluggy-1.0.0.tar.gz", hash = "sha256:4224373bacce55f955a878bf9cfa763c1e360858e330072059e10bad68531159"},
]

[package.extras]
dev = ["pre-commit", "tox"]
testing = ["pytest", "pytest-benchmark"]

[[package]]
name = "pyreadline3"
version = "3.4.1"
description = "A python implementation of GNU readline."
category = "main"
optional = false
python-versions = "*"
files = [
    {file = "pyreadline3-3.4.1-py3-none-any.whl", hash = "sha256:b0efb6516fd4fb07b45949053826a62fa4cb353db5be2bbb4a7aa1fdd1e345fb"},
    {file = "pyreadline3-3.4.1.tar.gz", hash = "sha256:6f3d1f7b8a31ba32b73917cefc1f28cc660562f39aea8646d30bd6eff21f7bae"},
]

[[package]]
name = "pytest"
version = "7.2.0"
description = "pytest: simple powerful testing with Python"
category = "main"
optional = false
python-versions = ">=3.7"
files = [
    {file = "pytest-7.2.0-py3-none-any.whl", hash = "sha256:892f933d339f068883b6fd5a459f03d85bfcb355e4981e146d2c7616c21fef71"},
    {file = "pytest-7.2.0.tar.gz", hash = "sha256:c4014eb40e10f11f355ad4e3c2fb2c6c6d1919c73f3b5a433de4708202cade59"},
]

[package.dependencies]
attrs = ">=19.2.0"
colorama = {version = "*", markers = "sys_platform == \"win32\""}
exceptiongroup = {version = ">=1.0.0rc8", markers = "python_version < \"3.11\""}
iniconfig = "*"
packaging = "*"
pluggy = ">=0.12,<2.0"
tomli = {version = ">=1.0.0", markers = "python_version < \"3.11\""}

[package.extras]
testing = ["argcomplete", "hypothesis (>=3.56)", "mock", "nose", "pygments (>=2.7.2)", "requests", "xmlschema"]

[[package]]
name = "python-dateutil"
version = "2.8.2"
description = "Extensions to the standard Python datetime module"
category = "main"
optional = false
python-versions = "!=3.0.*,!=3.1.*,!=3.2.*,>=2.7"
files = [
    {file = "python-dateutil-2.8.2.tar.gz", hash = "sha256:0123cacc1627ae19ddf3c27a5de5bd67ee4586fbdd6440d9748f8abb483d3e86"},
    {file = "python_dateutil-2.8.2-py2.py3-none-any.whl", hash = "sha256:961d03dc3453ebbc59dbdea9e4e11c5651520a876d0f4db161e8674aae935da9"},
]

[package.dependencies]
six = ">=1.5"

[[package]]
name = "pytz"
version = "2022.7"
description = "World timezone definitions, modern and historical"
category = "main"
optional = false
python-versions = "*"
files = [
    {file = "pytz-2022.7-py2.py3-none-any.whl", hash = "sha256:93007def75ae22f7cd991c84e02d434876818661f8df9ad5df9e950ff4e52cfd"},
    {file = "pytz-2022.7.tar.gz", hash = "sha256:7ccfae7b4b2c067464a6733c6261673fdb8fd1be905460396b97a073e9fa683a"},
]

[[package]]
name = "scipy"
version = "1.9.3"
description = "Fundamental algorithms for scientific computing in Python"
category = "main"
optional = false
python-versions = ">=3.8"
files = [
    {file = "scipy-1.9.3-cp310-cp310-macosx_10_9_x86_64.whl", hash = "sha256:1884b66a54887e21addf9c16fb588720a8309a57b2e258ae1c7986d4444d3bc0"},
    {file = "scipy-1.9.3-cp310-cp310-macosx_12_0_arm64.whl", hash = "sha256:83b89e9586c62e787f5012e8475fbb12185bafb996a03257e9675cd73d3736dd"},
    {file = "scipy-1.9.3-cp310-cp310-manylinux_2_17_aarch64.manylinux2014_aarch64.whl", hash = "sha256:1a72d885fa44247f92743fc20732ae55564ff2a519e8302fb7e18717c5355a8b"},
    {file = "scipy-1.9.3-cp310-cp310-manylinux_2_17_x86_64.manylinux2014_x86_64.whl", hash = "sha256:d01e1dd7b15bd2449c8bfc6b7cc67d630700ed655654f0dfcf121600bad205c9"},
    {file = "scipy-1.9.3-cp310-cp310-win_amd64.whl", hash = "sha256:68239b6aa6f9c593da8be1509a05cb7f9efe98b80f43a5861cd24c7557e98523"},
    {file = "scipy-1.9.3-cp311-cp311-macosx_10_9_x86_64.whl", hash = "sha256:b41bc822679ad1c9a5f023bc93f6d0543129ca0f37c1ce294dd9d386f0a21096"},
    {file = "scipy-1.9.3-cp311-cp311-macosx_12_0_arm64.whl", hash = "sha256:90453d2b93ea82a9f434e4e1cba043e779ff67b92f7a0e85d05d286a3625df3c"},
    {file = "scipy-1.9.3-cp311-cp311-manylinux_2_17_aarch64.manylinux2014_aarch64.whl", hash = "sha256:83c06e62a390a9167da60bedd4575a14c1f58ca9dfde59830fc42e5197283dab"},
    {file = "scipy-1.9.3-cp311-cp311-manylinux_2_17_x86_64.manylinux2014_x86_64.whl", hash = "sha256:abaf921531b5aeaafced90157db505e10345e45038c39e5d9b6c7922d68085cb"},
    {file = "scipy-1.9.3-cp311-cp311-win_amd64.whl", hash = "sha256:06d2e1b4c491dc7d8eacea139a1b0b295f74e1a1a0f704c375028f8320d16e31"},
    {file = "scipy-1.9.3-cp38-cp38-macosx_10_9_x86_64.whl", hash = "sha256:5a04cd7d0d3eff6ea4719371cbc44df31411862b9646db617c99718ff68d4840"},
    {file = "scipy-1.9.3-cp38-cp38-macosx_12_0_arm64.whl", hash = "sha256:545c83ffb518094d8c9d83cce216c0c32f8c04aaf28b92cc8283eda0685162d5"},
    {file = "scipy-1.9.3-cp38-cp38-manylinux_2_17_aarch64.manylinux2014_aarch64.whl", hash = "sha256:0d54222d7a3ba6022fdf5773931b5d7c56efe41ede7f7128c7b1637700409108"},
    {file = "scipy-1.9.3-cp38-cp38-manylinux_2_17_x86_64.manylinux2014_x86_64.whl", hash = "sha256:cff3a5295234037e39500d35316a4c5794739433528310e117b8a9a0c76d20fc"},
    {file = "scipy-1.9.3-cp38-cp38-win_amd64.whl", hash = "sha256:2318bef588acc7a574f5bfdff9c172d0b1bf2c8143d9582e05f878e580a3781e"},
    {file = "scipy-1.9.3-cp39-cp39-macosx_10_9_x86_64.whl", hash = "sha256:d644a64e174c16cb4b2e41dfea6af722053e83d066da7343f333a54dae9bc31c"},
    {file = "scipy-1.9.3-cp39-cp39-macosx_12_0_arm64.whl", hash = "sha256:da8245491d73ed0a994ed9c2e380fd058ce2fa8a18da204681f2fe1f57f98f95"},
    {file = "scipy-1.9.3-cp39-cp39-manylinux_2_17_aarch64.manylinux2014_aarch64.whl", hash = "sha256:4db5b30849606a95dcf519763dd3ab6fe9bd91df49eba517359e450a7d80ce2e"},
    {file = "scipy-1.9.3-cp39-cp39-manylinux_2_17_x86_64.manylinux2014_x86_64.whl", hash = "sha256:c68db6b290cbd4049012990d7fe71a2abd9ffbe82c0056ebe0f01df8be5436b0"},
    {file = "scipy-1.9.3-cp39-cp39-win_amd64.whl", hash = "sha256:5b88e6d91ad9d59478fafe92a7c757d00c59e3bdc3331be8ada76a4f8d683f58"},
    {file = "scipy-1.9.3.tar.gz", hash = "sha256:fbc5c05c85c1a02be77b1ff591087c83bc44579c6d2bd9fb798bb64ea5e1a027"},
]

[package.dependencies]
numpy = ">=1.18.5,<1.26.0"

[package.extras]
dev = ["flake8", "mypy", "pycodestyle", "typing_extensions"]
doc = ["matplotlib (>2)", "numpydoc", "pydata-sphinx-theme (==0.9.0)", "sphinx (!=4.1.0)", "sphinx-panels (>=0.5.2)", "sphinx-tabs"]
test = ["asv", "gmpy2", "mpmath", "pytest", "pytest-cov", "pytest-xdist", "scikit-umfpack", "threadpoolctl"]

[[package]]
name = "six"
version = "1.16.0"
description = "Python 2 and 3 compatibility utilities"
category = "main"
optional = false
python-versions = ">=2.7, !=3.0.*, !=3.1.*, !=3.2.*"
files = [
    {file = "six-1.16.0-py2.py3-none-any.whl", hash = "sha256:8abb2f1d86890a2dfb989f9a77cfcfd3e47c2a354b01111771326f8aa26e0254"},
    {file = "six-1.16.0.tar.gz", hash = "sha256:1e61c37477a1626458e36f7b1d82aa5c9b094fa4802892072e49de9c60c4c926"},
]

[[package]]
name = "structlog"
version = "22.3.0"
description = "Structured Logging for Python"
category = "main"
optional = false
python-versions = ">=3.7"
files = [
    {file = "structlog-22.3.0-py3-none-any.whl", hash = "sha256:b403f344f902b220648fa9f286a23c0cc5439a5844d271fec40562dbadbc70ad"},
    {file = "structlog-22.3.0.tar.gz", hash = "sha256:e7509391f215e4afb88b1b80fa3ea074be57a5a17d794bd436a5c949da023333"},
]

[package.extras]
dev = ["structlog[docs,tests,typing]"]
docs = ["furo", "myst-parser", "sphinx", "sphinx-notfound-page", "sphinxcontrib-mermaid", "twisted"]
tests = ["coverage[toml]", "freezegun (>=0.2.8)", "pretend", "pytest (>=6.0)", "pytest-asyncio (>=0.17)", "simplejson"]
typing = ["mypy", "rich", "twisted"]

[[package]]
name = "texttable"
version = "1.6.7"
description = "module to create simple ASCII tables"
category = "main"
optional = false
python-versions = "*"
files = [
    {file = "texttable-1.6.7-py2.py3-none-any.whl", hash = "sha256:b7b68139aa8a6339d2c320ca8b1dc42d13a7831a346b446cb9eb385f0c76310c"},
    {file = "texttable-1.6.7.tar.gz", hash = "sha256:290348fb67f7746931bcdfd55ac7584ecd4e5b0846ab164333f0794b121760f2"},
]

[[package]]
name = "tomli"
version = "2.0.1"
description = "A lil' TOML parser"
category = "main"
optional = false
python-versions = ">=3.7"
files = [
    {file = "tomli-2.0.1-py3-none-any.whl", hash = "sha256:939de3e7a6161af0c887ef91b7d41a53e7c5a1ca976325f429cb46ea9bc30ecc"},
    {file = "tomli-2.0.1.tar.gz", hash = "sha256:de526c12914f0c550d15924c62d72abc48d6fe7364aa87328337a31007fe8a4f"},
]

[[package]]
name = "treeswift"
version = "1.1.30"
description = "TreeSwift: Fast tree module for Python 2 and 3"
category = "main"
optional = false
python-versions = "*"
files = [
    {file = "treeswift-1.1.30-py2.py3-none-any.whl", hash = "sha256:aed2102e67c99fc3e4c1a61d93300570fb133a018428117987419227c6d1abcf"},
    {file = "treeswift-1.1.30.tar.gz", hash = "sha256:8ac9dfc8d00917d5cc908ad5445f12dc76511c0de12f18860472eac680a7382f"},
]

[package.extras]
dev = ["check-manifest"]

[[package]]
name = "typer"
version = "0.6.1"
description = "Typer, build great CLIs. Easy to code. Based on Python type hints."
category = "main"
optional = false
python-versions = ">=3.6"
files = [
    {file = "typer-0.6.1-py3-none-any.whl", hash = "sha256:54b19e5df18654070a82f8c2aa1da456a4ac16a2a83e6dcd9f170e291c56338e"},
    {file = "typer-0.6.1.tar.gz", hash = "sha256:2d5720a5e63f73eaf31edaa15f6ab87f35f0690f8ca233017d7d23d743a91d73"},
]

[package.dependencies]
click = ">=7.1.1,<9.0.0"

[package.extras]
all = ["colorama (>=0.4.3,<0.5.0)", "rich (>=10.11.0,<13.0.0)", "shellingham (>=1.3.0,<2.0.0)"]
dev = ["autoflake (>=1.3.1,<2.0.0)", "flake8 (>=3.8.3,<4.0.0)", "pre-commit (>=2.17.0,<3.0.0)"]
doc = ["mdx-include (>=1.4.1,<2.0.0)", "mkdocs (>=1.1.2,<2.0.0)", "mkdocs-material (>=8.1.4,<9.0.0)"]
test = ["black (>=22.3.0,<23.0.0)", "coverage (>=5.2,<6.0)", "isort (>=5.0.6,<6.0.0)", "mypy (==0.910)", "pytest (>=4.4.0,<5.4.0)", "pytest-cov (>=2.10.0,<3.0.0)", "pytest-sugar (>=0.9.4,<0.10.0)", "pytest-xdist (>=1.32.0,<2.0.0)", "rich (>=10.11.0,<13.0.0)", "shellingham (>=1.3.0,<2.0.0)"]

[[package]]
name = "typing-extensions"
version = "4.4.0"
description = "Backported and Experimental Type Hints for Python 3.7+"
category = "main"
optional = false
python-versions = ">=3.7"
files = [
    {file = "typing_extensions-4.4.0-py3-none-any.whl", hash = "sha256:16fa4864408f655d35ec496218b85f79b3437c829e93320c7c9215ccfd92489e"},
    {file = "typing_extensions-4.4.0.tar.gz", hash = "sha256:1511434bb92bf8dd198c12b1cc812e800d4181cfcb867674e0f8279cc93087aa"},
]

[metadata]
lock-version = "2.0"
python-versions = "^3.9"
content-hash = "18db7e28a22b2aeefd30e906f4745cc7b87a26cc566ff0beab5459d1b3725fa2"
